# THIS IS AN AUTOGENERATED FILE. DO NOT EDIT THIS FILE DIRECTLY.
"@babel/code-frame@^7.12.13":
  version "7.14.5"
  resolved "https://registry.yarnpkg.com/@babel/code-frame/-/code-frame-7.14.5.tgz#5cda32b84e12421e60426b59b8b6c907cf746f69"
  integrity sha512-6BSscKE7FTiB8nJE69tvR6XtHf8VDBQ5XgfRQwCq91UE52BtykYm6E5N5cLHZ6HbUs1IBVeXPOfu7/C9B8oR7A==
  dependencies:
    "@babel/highlight" "^7.14.5"
